
Microsoft Visual Studio Solution File, Format Version 12.00
# Visual Studio Version 16
VisualStudioVersion = 16.0.30413.136
MinimumVisualStudioVersion = 10.0.40219.1
Project("{FAE04EC0-301F-11D3-BF4B-00C04F79EFBC}") = "Day13", "Day13\Day13.csproj", "{B4107798-85EA-4639-A1E3-B8D6224D6D7B}"
EndProject
Global
	GlobalSection(SolutionConfigurationPlatforms) = preSolution
		Debug|Any CPU = Debug|Any CPU
		Release|Any CPU = Release|Any CPU
	EndGlobalSection
	GlobalSection(ProjectConfigurationPlatforms) = postSolution
		{B4107798-85EA-4639-A1E3-B8D6224D6D7B}.Debug|Any CPU.ActiveCfg = Debug|Any CPU
		{B4107798-85EA-4639-A1E3-B8D6224D6D7B}.Debug|Any CPU.Build.0 = Debug|Any CPU
		{B4107798-85EA-4639-A1E3-B8D6224D6D7B}.Release|Any CPU.ActiveCfg = Release|Any CPU
		{B4107798-85EA-4639-A1E3-B8D6224D6D7B}.Release|Any CPU.Build.0 = Release|Any CPU
	EndGlobalSection
	GlobalSection(SolutionProperties) = preSolution
		HideSolutionNode = FALSE
	EndGlobalSection
	GlobalSection(ExtensibilityGlobals) = postSolution
		SolutionGuid = {655563C4-6012-4741-82D5-5033F10F2122}
	EndGlobalSection
EndGlobal
