
Microsoft Visual Studio Solution File, Format Version 12.00
# Visual Studio Version 16
VisualStudioVersion = 16.0.30413.136
MinimumVisualStudioVersion = 10.0.40219.1
Project("{FAE04EC0-301F-11D3-BF4B-00C04F79EFBC}") = "Day12", "Day12\Day12.csproj", "{A8783233-442C-499B-998C-7847E691A1CD}"
EndProject
Project("{FAE04EC0-301F-11D3-BF4B-00C04F79EFBC}") = "Tests", "Tests\Tests.csproj", "{E5E6E363-FDB4-4DD2-9DA6-7729B4B57AAA}"
EndProject
Global
	GlobalSection(SolutionConfigurationPlatforms) = preSolution
		Debug|Any CPU = Debug|Any CPU
		Release|Any CPU = Release|Any CPU
	EndGlobalSection
	GlobalSection(ProjectConfigurationPlatforms) = postSolution
		{A8783233-442C-499B-998C-7847E691A1CD}.Debug|Any CPU.ActiveCfg = Debug|Any CPU
		{A8783233-442C-499B-998C-7847E691A1CD}.Debug|Any CPU.Build.0 = Debug|Any CPU
		{A8783233-442C-499B-998C-7847E691A1CD}.Release|Any CPU.ActiveCfg = Release|Any CPU
		{A8783233-442C-499B-998C-7847E691A1CD}.Release|Any CPU.Build.0 = Release|Any CPU
		{E5E6E363-FDB4-4DD2-9DA6-7729B4B57AAA}.Debug|Any CPU.ActiveCfg = Debug|Any CPU
		{E5E6E363-FDB4-4DD2-9DA6-7729B4B57AAA}.Debug|Any CPU.Build.0 = Debug|Any CPU
		{E5E6E363-FDB4-4DD2-9DA6-7729B4B57AAA}.Release|Any CPU.ActiveCfg = Release|Any CPU
		{E5E6E363-FDB4-4DD2-9DA6-7729B4B57AAA}.Release|Any CPU.Build.0 = Release|Any CPU
	EndGlobalSection
	GlobalSection(SolutionProperties) = preSolution
		HideSolutionNode = FALSE
	EndGlobalSection
	GlobalSection(ExtensibilityGlobals) = postSolution
		SolutionGuid = {58A262D2-AB46-44A1-BAE7-4ECD5A1C3B68}
	EndGlobalSection
EndGlobal
